
Microsoft Visual Studio Solution File, Format Version 11.00
# Visual Studio 2010
Project("{FAE04EC0-301F-11D3-BF4B-00C04F79EFBC}") = "SAML.ClaimsProvider", "SAML.ClaimsProvider\SAML.ClaimsProvider.csproj", "{A899356B-1D1D-44F1-A139-AFF999F87F1A}"
EndProject
Global
	GlobalSection(SolutionConfigurationPlatforms) = preSolution
		Debug|Any CPU = Debug|Any CPU
		Release|Any CPU = Release|Any CPU
	EndGlobalSection
	GlobalSection(ProjectConfigurationPlatforms) = postSolution
		{A899356B-1D1D-44F1-A139-AFF999F87F1A}.Debug|Any CPU.ActiveCfg = Debug|Any CPU
		{A899356B-1D1D-44F1-A139-AFF999F87F1A}.Debug|Any CPU.Build.0 = Debug|Any CPU
		{A899356B-1D1D-44F1-A139-AFF999F87F1A}.Release|Any CPU.ActiveCfg = Release|Any CPU
		{A899356B-1D1D-44F1-A139-AFF999F87F1A}.Release|Any CPU.Build.0 = Release|Any CPU
	EndGlobalSection
	GlobalSection(SolutionProperties) = preSolution
		HideSolutionNode = FALSE
	EndGlobalSection
EndGlobal
